
Microsoft Visual Studio Solution File, Format Version 11.00
# Visual Studio 2010
Project("{FAE04EC0-301F-11D3-BF4B-00C04F79EFBC}") = "PanicButton", "PanicButton\PanicButton\PanicButton.csproj", "{7DD6278F-8FD9-461B-B9C8-4656FB59A8B1}"
EndProject
Project("{96E2B04D-8817-42C6-938A-82C39BA4D311}") = "PanicButtonContent", "PanicButton\PanicButtonContent\PanicButtonContent.contentproj", "{5D473DC9-79A7-4613-A051-2DFCA5B2A3A6}"
EndProject
Global
	GlobalSection(SolutionConfigurationPlatforms) = preSolution
		Debug|Windows Phone = Debug|Windows Phone
		Release|Windows Phone = Release|Windows Phone
	EndGlobalSection
	GlobalSection(ProjectConfigurationPlatforms) = postSolution
		{7DD6278F-8FD9-461B-B9C8-4656FB59A8B1}.Debug|Windows Phone.ActiveCfg = Debug|Windows Phone
		{7DD6278F-8FD9-461B-B9C8-4656FB59A8B1}.Debug|Windows Phone.Build.0 = Debug|Windows Phone
		{7DD6278F-8FD9-461B-B9C8-4656FB59A8B1}.Debug|Windows Phone.Deploy.0 = Debug|Windows Phone
		{7DD6278F-8FD9-461B-B9C8-4656FB59A8B1}.Release|Windows Phone.ActiveCfg = Release|Windows Phone
		{7DD6278F-8FD9-461B-B9C8-4656FB59A8B1}.Release|Windows Phone.Build.0 = Release|Windows Phone
		{7DD6278F-8FD9-461B-B9C8-4656FB59A8B1}.Release|Windows Phone.Deploy.0 = Release|Windows Phone
		{5D473DC9-79A7-4613-A051-2DFCA5B2A3A6}.Debug|Windows Phone.ActiveCfg = Debug|Windows Phone
		{5D473DC9-79A7-4613-A051-2DFCA5B2A3A6}.Release|Windows Phone.ActiveCfg = Release|Windows Phone
	EndGlobalSection
	GlobalSection(SolutionProperties) = preSolution
		HideSolutionNode = FALSE
	EndGlobalSection
EndGlobal
