
Microsoft Visual Studio Solution File, Format Version 11.00
# Visual Studio 2010
Project("{FAE04EC0-301F-11D3-BF4B-00C04F79EFBC}") = "MindReader", "MindReader\MindReader\MindReader.csproj", "{096F023A-CD92-4115-8A99-F232222DB393}"
EndProject
Project("{96E2B04D-8817-42C6-938A-82C39BA4D311}") = "MindReaderContent", "MindReader\MindReaderContent\MindReaderContent.contentproj", "{0C0980AC-3CBB-4A6A-9A34-686E4D45BE3E}"
EndProject
Global
	GlobalSection(SolutionConfigurationPlatforms) = preSolution
		Debug|x86 = Debug|x86
		Release|x86 = Release|x86
	EndGlobalSection
	GlobalSection(ProjectConfigurationPlatforms) = postSolution
		{096F023A-CD92-4115-8A99-F232222DB393}.Debug|x86.ActiveCfg = Debug|x86
		{096F023A-CD92-4115-8A99-F232222DB393}.Debug|x86.Build.0 = Debug|x86
		{096F023A-CD92-4115-8A99-F232222DB393}.Release|x86.ActiveCfg = Release|x86
		{096F023A-CD92-4115-8A99-F232222DB393}.Release|x86.Build.0 = Release|x86
		{0C0980AC-3CBB-4A6A-9A34-686E4D45BE3E}.Debug|x86.ActiveCfg = Debug|x86
		{0C0980AC-3CBB-4A6A-9A34-686E4D45BE3E}.Release|x86.ActiveCfg = Release|x86
	EndGlobalSection
	GlobalSection(SolutionProperties) = preSolution
		HideSolutionNode = FALSE
	EndGlobalSection
EndGlobal
