
Microsoft Visual Studio Solution File, Format Version 11.00
# Visual Studio 2010
Project("{FAE04EC0-301F-11D3-BF4B-00C04F79EFBC}") = "ReactionTimer", "ReactionTimer\ReactionTimer\ReactionTimer.csproj", "{17EB87BC-5CD5-4CEE-832C-922010A28E0B}"
EndProject
Project("{96E2B04D-8817-42C6-938A-82C39BA4D311}") = "ReactionTimerContent", "ReactionTimer\ReactionTimerContent\ReactionTimerContent.contentproj", "{0C649B62-64CB-42DB-8728-210648F9CB02}"
EndProject
Global
	GlobalSection(SolutionConfigurationPlatforms) = preSolution
		Debug|x86 = Debug|x86
		Release|x86 = Release|x86
	EndGlobalSection
	GlobalSection(ProjectConfigurationPlatforms) = postSolution
		{17EB87BC-5CD5-4CEE-832C-922010A28E0B}.Debug|x86.ActiveCfg = Debug|x86
		{17EB87BC-5CD5-4CEE-832C-922010A28E0B}.Debug|x86.Build.0 = Debug|x86
		{17EB87BC-5CD5-4CEE-832C-922010A28E0B}.Release|x86.ActiveCfg = Release|x86
		{17EB87BC-5CD5-4CEE-832C-922010A28E0B}.Release|x86.Build.0 = Release|x86
		{0C649B62-64CB-42DB-8728-210648F9CB02}.Debug|x86.ActiveCfg = Debug|x86
		{0C649B62-64CB-42DB-8728-210648F9CB02}.Release|x86.ActiveCfg = Release|x86
	EndGlobalSection
	GlobalSection(SolutionProperties) = preSolution
		HideSolutionNode = FALSE
	EndGlobalSection
EndGlobal
